// !$*UTF8*$!
{
	archiveVersion = 1;
	classes = {
	};
	objectVersion = 55;
	objects = {

/* Begin PBXBuildFile section */
		DE1FEA0E2855CE4A0016D98D /* liana-entity.cpp in Sources */ = {isa = PBXBuildFile; fileRef = DE1FEA0C2855CE4A0016D98D /* liana-entity.cpp */; };
		DE1FEA112855CFB20016D98D /* lava-entity.cpp in Sources */ = {isa = PBXBuildFile; fileRef = DE1FEA0F2855CFB20016D98D /* lava-entity.cpp */; };
		DE1FEA152855D0970016D98D /* map.cpp in Sources */ = {isa = PBXBuildFile; fileRef = DE1FEA132855D0970016D98D /* map.cpp */; };
		DE1FEA182855DAAD0016D98D /* menu-error.cpp in Sources */ = {isa = PBXBuildFile; fileRef = DE1FEA162855DAAD0016D98D /* menu-error.cpp */; };
		DEFD16D2285581CB00762D44 /* color.cpp in Sources */ = {isa = PBXBuildFile; fileRef = DEFD168F285581CB00762D44 /* color.cpp */; };
		DEFD16D3285581CB00762D44 /* char-helpers.cpp in Sources */ = {isa = PBXBuildFile; fileRef = DEFD1690285581CB00762D44 /* char-helpers.cpp */; };
		DEFD16DA285581CB00762D44 /* out.cpp in Sources */ = {isa = PBXBuildFile; fileRef = DEFD16A8285581CB00762D44 /* out.cpp */; };
		DEFD16DC285581CB00762D44 /* test.cpp in Sources */ = {isa = PBXBuildFile; fileRef = DEFD16AB285581CB00762D44 /* test.cpp */; };
		DEFD16E0285581CB00762D44 /* main.cpp in Sources */ = {isa = PBXBuildFile; fileRef = DEFD16B4285581CB00762D44 /* main.cpp */; };
		DEFD16E4285582B700762D44 /* fatal-error.cpp in Sources */ = {isa = PBXBuildFile; fileRef = DEFD16E2285582B700762D44 /* fatal-error.cpp */; };
		DEFD16E7285585BE00762D44 /* app.cpp in Sources */ = {isa = PBXBuildFile; fileRef = DEFD16E5285585BE00762D44 /* app.cpp */; };
		DEFD16EB2855983B00762D44 /* entity.cpp in Sources */ = {isa = PBXBuildFile; fileRef = DEFD16E92855983B00762D44 /* entity.cpp */; };
		DEFD16EF2855985C00762D44 /* coord.cpp in Sources */ = {isa = PBXBuildFile; fileRef = DEFD16ED2855985C00762D44 /* coord.cpp */; };
		DEFD16F228559C2B00762D44 /* stone-entity.cpp in Sources */ = {isa = PBXBuildFile; fileRef = DEFD16F028559C2B00762D44 /* stone-entity.cpp */; };
		DEFD16F528559CC000762D44 /* player-entity.cpp in Sources */ = {isa = PBXBuildFile; fileRef = DEFD16F328559CC000762D44 /* player-entity.cpp */; };
/* End PBXBuildFile section */

/* Begin PBXCopyFilesBuildPhase section */
		DEFD13E3285581B600762D44 /* CopyFiles */ = {
			isa = PBXCopyFilesBuildPhase;
			buildActionMask = 2147483647;
			dstPath = /usr/share/man/man1/;
			dstSubfolderSpec = 0;
			files = (
			);
			runOnlyForDeploymentPostprocessing = 1;
		};
/* End PBXCopyFilesBuildPhase section */

/* Begin PBXFileReference section */
		DE1FEA0C2855CE4A0016D98D /* liana-entity.cpp */ = {isa = PBXFileReference; lastKnownFileType = sourcecode.cpp.cpp; path = "liana-entity.cpp"; sourceTree = "<group>"; };
		DE1FEA0D2855CE4A0016D98D /* liana-entity.hpp */ = {isa = PBXFileReference; lastKnownFileType = sourcecode.cpp.h; path = "liana-entity.hpp"; sourceTree = "<group>"; };
		DE1FEA0F2855CFB20016D98D /* lava-entity.cpp */ = {isa = PBXFileReference; lastKnownFileType = sourcecode.cpp.cpp; path = "lava-entity.cpp"; sourceTree = "<group>"; };
		DE1FEA102855CFB20016D98D /* lava-entity.hpp */ = {isa = PBXFileReference; lastKnownFileType = sourcecode.cpp.h; path = "lava-entity.hpp"; sourceTree = "<group>"; };
		DE1FEA132855D0970016D98D /* map.cpp */ = {isa = PBXFileReference; lastKnownFileType = sourcecode.cpp.cpp; path = map.cpp; sourceTree = "<group>"; };
		DE1FEA142855D0970016D98D /* map.hpp */ = {isa = PBXFileReference; lastKnownFileType = sourcecode.cpp.h; path = map.hpp; sourceTree = "<group>"; };
		DE1FEA162855DAAD0016D98D /* menu-error.cpp */ = {isa = PBXFileReference; lastKnownFileType = sourcecode.cpp.cpp; path = "menu-error.cpp"; sourceTree = "<group>"; };
		DE1FEA172855DAAD0016D98D /* menu-error.hpp */ = {isa = PBXFileReference; lastKnownFileType = sourcecode.cpp.h; path = "menu-error.hpp"; sourceTree = "<group>"; };
		DEFD13E5285581B600762D44 /* Tarsan */ = {isa = PBXFileReference; explicitFileType = "compiled.mach-o.executable"; includeInIndex = 0; path = Tarsan; sourceTree = BUILT_PRODUCTS_DIR; };
		DEFD165C285581CA00762D44 /* Tarsan.entitlements */ = {isa = PBXFileReference; fileEncoding = 4; lastKnownFileType = text.plist.entitlements; path = Tarsan.entitlements; sourceTree = "<group>"; };
		DEFD165F285581CB00762D44 /* tarsan-logo.png */ = {isa = PBXFileReference; lastKnownFileType = image.png; path = "tarsan-logo.png"; sourceTree = "<group>"; };
		DEFD168F285581CB00762D44 /* color.cpp */ = {isa = PBXFileReference; fileEncoding = 4; lastKnownFileType = sourcecode.cpp.cpp; path = color.cpp; sourceTree = "<group>"; };
		DEFD1690285581CB00762D44 /* char-helpers.cpp */ = {isa = PBXFileReference; fileEncoding = 4; lastKnownFileType = sourcecode.cpp.cpp; path = "char-helpers.cpp"; sourceTree = "<group>"; };
		DEFD1692285581CB00762D44 /* color.hpp */ = {isa = PBXFileReference; fileEncoding = 4; lastKnownFileType = sourcecode.cpp.h; path = color.hpp; sourceTree = "<group>"; };
		DEFD1693285581CB00762D44 /* char-helpers.hpp */ = {isa = PBXFileReference; fileEncoding = 4; lastKnownFileType = sourcecode.cpp.h; path = "char-helpers.hpp"; sourceTree = "<group>"; };
		DEFD16A7285581CB00762D44 /* out.hpp */ = {isa = PBXFileReference; fileEncoding = 4; lastKnownFileType = sourcecode.cpp.h; path = out.hpp; sourceTree = "<group>"; };
		DEFD16A8285581CB00762D44 /* out.cpp */ = {isa = PBXFileReference; fileEncoding = 4; lastKnownFileType = sourcecode.cpp.cpp; path = out.cpp; sourceTree = "<group>"; };
		DEFD16AB285581CB00762D44 /* test.cpp */ = {isa = PBXFileReference; fileEncoding = 4; lastKnownFileType = sourcecode.cpp.cpp; path = test.cpp; sourceTree = "<group>"; };
		DEFD16B4285581CB00762D44 /* main.cpp */ = {isa = PBXFileReference; fileEncoding = 4; lastKnownFileType = sourcecode.cpp.cpp; path = main.cpp; sourceTree = "<group>"; };
		DEFD16B5285581CB00762D44 /* Doxyfile */ = {isa = PBXFileReference; fileEncoding = 4; lastKnownFileType = text; path = Doxyfile; sourceTree = "<group>"; };
		DEFD16B6285581CB00762D44 /* zadani.txt */ = {isa = PBXFileReference; fileEncoding = 4; lastKnownFileType = text; path = zadani.txt; sourceTree = "<group>"; };
		DEFD16B8285581CB00762D44 /* prohlaseni.txt */ = {isa = PBXFileReference; fileEncoding = 4; lastKnownFileType = text; path = prohlaseni.txt; sourceTree = "<group>"; };
		DEFD16B9285581CB00762D44 /* Makefile */ = {isa = PBXFileReference; fileEncoding = 4; lastKnownFileType = sourcecode.make; path = Makefile; sourceTree = "<group>"; };
		DEFD16E2285582B700762D44 /* fatal-error.cpp */ = {isa = PBXFileReference; lastKnownFileType = sourcecode.cpp.cpp; path = "fatal-error.cpp"; sourceTree = "<group>"; };
		DEFD16E3285582B700762D44 /* fatal-error.hpp */ = {isa = PBXFileReference; lastKnownFileType = sourcecode.cpp.h; path = "fatal-error.hpp"; sourceTree = "<group>"; };
		DEFD16E5285585BE00762D44 /* app.cpp */ = {isa = PBXFileReference; lastKnownFileType = sourcecode.cpp.cpp; path = app.cpp; sourceTree = "<group>"; };
		DEFD16E6285585BE00762D44 /* app.hpp */ = {isa = PBXFileReference; lastKnownFileType = sourcecode.cpp.h; path = app.hpp; sourceTree = "<group>"; };
		DEFD16E92855983B00762D44 /* entity.cpp */ = {isa = PBXFileReference; lastKnownFileType = sourcecode.cpp.cpp; path = entity.cpp; sourceTree = "<group>"; };
		DEFD16EA2855983B00762D44 /* entity.hpp */ = {isa = PBXFileReference; lastKnownFileType = sourcecode.cpp.h; path = entity.hpp; sourceTree = "<group>"; };
		DEFD16ED2855985C00762D44 /* coord.cpp */ = {isa = PBXFileReference; lastKnownFileType = sourcecode.cpp.cpp; path = coord.cpp; sourceTree = "<group>"; };
		DEFD16EE2855985C00762D44 /* coord.hpp */ = {isa = PBXFileReference; lastKnownFileType = sourcecode.cpp.h; path = coord.hpp; sourceTree = "<group>"; };
		DEFD16F028559C2B00762D44 /* stone-entity.cpp */ = {isa = PBXFileReference; lastKnownFileType = sourcecode.cpp.cpp; path = "stone-entity.cpp"; sourceTree = "<group>"; };
		DEFD16F128559C2B00762D44 /* stone-entity.hpp */ = {isa = PBXFileReference; lastKnownFileType = sourcecode.cpp.h; path = "stone-entity.hpp"; sourceTree = "<group>"; };
		DEFD16F328559CC000762D44 /* player-entity.cpp */ = {isa = PBXFileReference; lastKnownFileType = sourcecode.cpp.cpp; path = "player-entity.cpp"; sourceTree = "<group>"; };
		DEFD16F428559CC000762D44 /* player-entity.hpp */ = {isa = PBXFileReference; lastKnownFileType = sourcecode.cpp.h; path = "player-entity.hpp"; sourceTree = "<group>"; };
/* End PBXFileReference section */

/* Begin PBXFrameworksBuildPhase section */
		DEFD13E2285581B600762D44 /* Frameworks */ = {
			isa = PBXFrameworksBuildPhase;
			buildActionMask = 2147483647;
			files = (
			);
			runOnlyForDeploymentPostprocessing = 0;
		};
/* End PBXFrameworksBuildPhase section */

/* Begin PBXGroup section */
		DEFD13DC285581B600762D44 = {
			isa = PBXGroup;
			children = (
				DEFD13E7285581B600762D44 /* Tarsan */,
				DEFD13E6285581B600762D44 /* Products */,
			);
			sourceTree = "<group>";
		};
		DEFD13E6285581B600762D44 /* Products */ = {
			isa = PBXGroup;
			children = (
				DEFD13E5285581B600762D44 /* Tarsan */,
			);
			name = Products;
			sourceTree = "<group>";
		};
		DEFD13E7285581B600762D44 /* Tarsan */ = {
			isa = PBXGroup;
			children = (
				DEFD165C285581CA00762D44 /* Tarsan.entitlements */,
				DEFD165E285581CB00762D44 /* assets */,
				DEFD16BC285581CB00762D44 /* examples */,
				DEFD1660285581CB00762D44 /* src */,
				DEFD16B5285581CB00762D44 /* Doxyfile */,
				DEFD16B9285581CB00762D44 /* Makefile */,
				DEFD16B8285581CB00762D44 /* prohlaseni.txt */,
				DEFD16B6285581CB00762D44 /* zadani.txt */,
			);
			path = Tarsan;
			sourceTree = "<group>";
		};
		DEFD165E285581CB00762D44 /* assets */ = {
			isa = PBXGroup;
			children = (
				DEFD165F285581CB00762D44 /* tarsan-logo.png */,
			);
			path = assets;
			sourceTree = "<group>";
		};
		DEFD1660285581CB00762D44 /* src */ = {
			isa = PBXGroup;
			children = (
				DEFD1662285581CB00762D44 /* tarsan */,
				DEFD16AC285581CB00762D44 /* tests */,
				DEFD16AB285581CB00762D44 /* test.cpp */,
				DEFD16B4285581CB00762D44 /* main.cpp */,
			);
			path = src;
			sourceTree = "<group>";
		};
		DEFD1662285581CB00762D44 /* tarsan */ = {
			isa = PBXGroup;
			children = (
				DEFD16EC2855985000762D44 /* helpers */,
				DEFD16E82855982F00762D44 /* game */,
				DEFD168B285581CB00762D44 /* ncurses */,
				DEFD16A4285581CB00762D44 /* logging */,
			);
			path = tarsan;
			sourceTree = "<group>";
		};
		DEFD168B285581CB00762D44 /* ncurses */ = {
			isa = PBXGroup;
			children = (
				DEFD1693285581CB00762D44 /* char-helpers.hpp */,
				DEFD1690285581CB00762D44 /* char-helpers.cpp */,
				DEFD1692285581CB00762D44 /* color.hpp */,
				DEFD168F285581CB00762D44 /* color.cpp */,
				DEFD16E6285585BE00762D44 /* app.hpp */,
				DEFD16E5285585BE00762D44 /* app.cpp */,
			);
			path = ncurses;
			sourceTree = "<group>";
		};
		DEFD16A4285581CB00762D44 /* logging */ = {
			isa = PBXGroup;
			children = (
				DEFD16A7285581CB00762D44 /* out.hpp */,
				DEFD16A8285581CB00762D44 /* out.cpp */,
				DEFD16E3285582B700762D44 /* fatal-error.hpp */,
				DEFD16E2285582B700762D44 /* fatal-error.cpp */,
				DE1FEA172855DAAD0016D98D /* menu-error.hpp */,
				DE1FEA162855DAAD0016D98D /* menu-error.cpp */,
			);
			path = logging;
			sourceTree = "<group>";
		};
		DEFD16AC285581CB00762D44 /* tests */ = {
			isa = PBXGroup;
			children = (
			);
			path = tests;
			sourceTree = "<group>";
		};
		DEFD16BC285581CB00762D44 /* examples */ = {
			isa = PBXGroup;
			children = (
			);
			path = examples;
			sourceTree = "<group>";
		};
		DEFD16E82855982F00762D44 /* game */ = {
			isa = PBXGroup;
			children = (
				DEFD16EA2855983B00762D44 /* entity.hpp */,
				DEFD16E92855983B00762D44 /* entity.cpp */,
				DEFD16F128559C2B00762D44 /* stone-entity.hpp */,
				DEFD16F028559C2B00762D44 /* stone-entity.cpp */,
				DEFD16F428559CC000762D44 /* player-entity.hpp */,
				DEFD16F328559CC000762D44 /* player-entity.cpp */,
				DE1FEA0D2855CE4A0016D98D /* liana-entity.hpp */,
				DE1FEA0C2855CE4A0016D98D /* liana-entity.cpp */,
				DE1FEA102855CFB20016D98D /* lava-entity.hpp */,
				DE1FEA0F2855CFB20016D98D /* lava-entity.cpp */,
				DE1FEA142855D0970016D98D /* map.hpp */,
				DE1FEA132855D0970016D98D /* map.cpp */,
			);
			path = game;
			sourceTree = "<group>";
		};
		DEFD16EC2855985000762D44 /* helpers */ = {
			isa = PBXGroup;
			children = (
				DEFD16EE2855985C00762D44 /* coord.hpp */,
				DEFD16ED2855985C00762D44 /* coord.cpp */,
			);
			path = helpers;
			sourceTree = "<group>";
		};
/* End PBXGroup section */

/* Begin PBXNativeTarget section */
		DEFD13E4285581B600762D44 /* Tarsan */ = {
			isa = PBXNativeTarget;
			buildConfigurationList = DEFD13EC285581B600762D44 /* Build configuration list for PBXNativeTarget "Tarsan" */;
			buildPhases = (
				DEFD13E1285581B600762D44 /* Sources */,
				DEFD13E2285581B600762D44 /* Frameworks */,
				DEFD13E3285581B600762D44 /* CopyFiles */,
			);
			buildRules = (
			);
			dependencies = (
			);
			name = Tarsan;
			productName = Tarsan;
			productReference = DEFD13E5285581B600762D44 /* Tarsan */;
			productType = "com.apple.product-type.tool";
		};
/* End PBXNativeTarget section */

/* Begin PBXProject section */
		DEFD13DD285581B600762D44 /* Project object */ = {
			isa = PBXProject;
			attributes = {
				BuildIndependentTargetsInParallel = 1;
				LastUpgradeCheck = 1340;
				TargetAttributes = {
					DEFD13E4285581B600762D44 = {
						CreatedOnToolsVersion = 13.4.1;
					};
				};
			};
			buildConfigurationList = DEFD13E0285581B600762D44 /* Build configuration list for PBXProject "Tarsan" */;
			compatibilityVersion = "Xcode 13.0";
			developmentRegion = en;
			hasScannedForEncodings = 0;
			knownRegions = (
				en,
				Base,
			);
			mainGroup = DEFD13DC285581B600762D44;
			productRefGroup = DEFD13E6285581B600762D44 /* Products */;
			projectDirPath = "";
			projectRoot = "";
			targets = (
				DEFD13E4285581B600762D44 /* Tarsan */,
			);
		};
/* End PBXProject section */

/* Begin PBXSourcesBuildPhase section */
		DEFD13E1285581B600762D44 /* Sources */ = {
			isa = PBXSourcesBuildPhase;
			buildActionMask = 2147483647;
			files = (
				DE1FEA0E2855CE4A0016D98D /* liana-entity.cpp in Sources */,
				DEFD16EF2855985C00762D44 /* coord.cpp in Sources */,
				DEFD16EB2855983B00762D44 /* entity.cpp in Sources */,
				DEFD16E7285585BE00762D44 /* app.cpp in Sources */,
				DEFD16DC285581CB00762D44 /* test.cpp in Sources */,
				DEFD16D3285581CB00762D44 /* char-helpers.cpp in Sources */,
				DEFD16D2285581CB00762D44 /* color.cpp in Sources */,
				DEFD16F228559C2B00762D44 /* stone-entity.cpp in Sources */,
				DEFD16F528559CC000762D44 /* player-entity.cpp in Sources */,
				DE1FEA112855CFB20016D98D /* lava-entity.cpp in Sources */,
				DE1FEA182855DAAD0016D98D /* menu-error.cpp in Sources */,
				DE1FEA152855D0970016D98D /* map.cpp in Sources */,
				DEFD16DA285581CB00762D44 /* out.cpp in Sources */,
				DEFD16E0285581CB00762D44 /* main.cpp in Sources */,
				DEFD16E4285582B700762D44 /* fatal-error.cpp in Sources */,
			);
			runOnlyForDeploymentPostprocessing = 0;
		};
/* End PBXSourcesBuildPhase section */

/* Begin XCBuildConfiguration section */
		DEFD13EA285581B600762D44 /* Debug */ = {
			isa = XCBuildConfiguration;
			buildSettings = {
				ALWAYS_SEARCH_USER_PATHS = NO;
				CLANG_ANALYZER_NONNULL = YES;
				CLANG_ANALYZER_NUMBER_OBJECT_CONVERSION = YES_AGGRESSIVE;
				CLANG_CXX_LANGUAGE_STANDARD = "gnu++17";
				CLANG_ENABLE_MODULES = YES;
				CLANG_ENABLE_OBJC_ARC = YES;
				CLANG_ENABLE_OBJC_WEAK = YES;
				CLANG_WARN_BLOCK_CAPTURE_AUTORELEASING = YES;
				CLANG_WARN_BOOL_CONVERSION = YES;
				CLANG_WARN_COMMA = YES;
				CLANG_WARN_CONSTANT_CONVERSION = YES;
				CLANG_WARN_DEPRECATED_OBJC_IMPLEMENTATIONS = YES;
				CLANG_WARN_DIRECT_OBJC_ISA_USAGE = YES_ERROR;
				CLANG_WARN_DOCUMENTATION_COMMENTS = YES;
				CLANG_WARN_EMPTY_BODY = YES;
				CLANG_WARN_ENUM_CONVERSION = YES;
				CLANG_WARN_INFINITE_RECURSION = YES;
				CLANG_WARN_INT_CONVERSION = YES;
				CLANG_WARN_NON_LITERAL_NULL_CONVERSION = YES;
				CLANG_WARN_OBJC_IMPLICIT_RETAIN_SELF = YES;
				CLANG_WARN_OBJC_LITERAL_CONVERSION = YES;
				CLANG_WARN_OBJC_ROOT_CLASS = YES_ERROR;
				CLANG_WARN_QUOTED_INCLUDE_IN_FRAMEWORK_HEADER = YES;
				CLANG_WARN_RANGE_LOOP_ANALYSIS = YES;
				CLANG_WARN_STRICT_PROTOTYPES = YES;
				CLANG_WARN_SUSPICIOUS_MOVE = YES;
				CLANG_WARN_UNGUARDED_AVAILABILITY = YES_AGGRESSIVE;
				CLANG_WARN_UNREACHABLE_CODE = YES;
				CLANG_WARN__DUPLICATE_METHOD_MATCH = YES;
				COPY_PHASE_STRIP = NO;
				DEBUG_INFORMATION_FORMAT = dwarf;
				ENABLE_STRICT_OBJC_MSGSEND = YES;
				ENABLE_TESTABILITY = YES;
				GCC_C_LANGUAGE_STANDARD = gnu11;
				GCC_DYNAMIC_NO_PIC = NO;
				GCC_NO_COMMON_BLOCKS = YES;
				GCC_OPTIMIZATION_LEVEL = 0;
				GCC_PREPROCESSOR_DEFINITIONS = (
					"DEBUG=1",
					"$(inherited)",
				);
				GCC_WARN_64_TO_32_BIT_CONVERSION = YES;
				GCC_WARN_ABOUT_RETURN_TYPE = YES_ERROR;
				GCC_WARN_UNDECLARED_SELECTOR = YES;
				GCC_WARN_UNINITIALIZED_AUTOS = YES_AGGRESSIVE;
				GCC_WARN_UNUSED_FUNCTION = YES;
				GCC_WARN_UNUSED_VARIABLE = YES;
				MACOSX_DEPLOYMENT_TARGET = 12.3;
				MTL_ENABLE_DEBUG_INFO = INCLUDE_SOURCE;
				MTL_FAST_MATH = YES;
				ONLY_ACTIVE_ARCH = YES;
				SDKROOT = macosx;
			};
			name = Debug;
		};
		DEFD13EB285581B600762D44 /* Release */ = {
			isa = XCBuildConfiguration;
			buildSettings = {
				ALWAYS_SEARCH_USER_PATHS = NO;
				CLANG_ANALYZER_NONNULL = YES;
				CLANG_ANALYZER_NUMBER_OBJECT_CONVERSION = YES_AGGRESSIVE;
				CLANG_CXX_LANGUAGE_STANDARD = "gnu++17";
				CLANG_ENABLE_MODULES = YES;
				CLANG_ENABLE_OBJC_ARC = YES;
				CLANG_ENABLE_OBJC_WEAK = YES;
				CLANG_WARN_BLOCK_CAPTURE_AUTORELEASING = YES;
				CLANG_WARN_BOOL_CONVERSION = YES;
				CLANG_WARN_COMMA = YES;
				CLANG_WARN_CONSTANT_CONVERSION = YES;
				CLANG_WARN_DEPRECATED_OBJC_IMPLEMENTATIONS = YES;
				CLANG_WARN_DIRECT_OBJC_ISA_USAGE = YES_ERROR;
				CLANG_WARN_DOCUMENTATION_COMMENTS = YES;
				CLANG_WARN_EMPTY_BODY = YES;
				CLANG_WARN_ENUM_CONVERSION = YES;
				CLANG_WARN_INFINITE_RECURSION = YES;
				CLANG_WARN_INT_CONVERSION = YES;
				CLANG_WARN_NON_LITERAL_NULL_CONVERSION = YES;
				CLANG_WARN_OBJC_IMPLICIT_RETAIN_SELF = YES;
				CLANG_WARN_OBJC_LITERAL_CONVERSION = YES;
				CLANG_WARN_OBJC_ROOT_CLASS = YES_ERROR;
				CLANG_WARN_QUOTED_INCLUDE_IN_FRAMEWORK_HEADER = YES;
				CLANG_WARN_RANGE_LOOP_ANALYSIS = YES;
				CLANG_WARN_STRICT_PROTOTYPES = YES;
				CLANG_WARN_SUSPICIOUS_MOVE = YES;
				CLANG_WARN_UNGUARDED_AVAILABILITY = YES_AGGRESSIVE;
				CLANG_WARN_UNREACHABLE_CODE = YES;
				CLANG_WARN__DUPLICATE_METHOD_MATCH = YES;
				COPY_PHASE_STRIP = NO;
				DEBUG_INFORMATION_FORMAT = "dwarf-with-dsym";
				ENABLE_NS_ASSERTIONS = NO;
				ENABLE_STRICT_OBJC_MSGSEND = YES;
				GCC_C_LANGUAGE_STANDARD = gnu11;
				GCC_NO_COMMON_BLOCKS = YES;
				GCC_WARN_64_TO_32_BIT_CONVERSION = YES;
				GCC_WARN_ABOUT_RETURN_TYPE = YES_ERROR;
				GCC_WARN_UNDECLARED_SELECTOR = YES;
				GCC_WARN_UNINITIALIZED_AUTOS = YES_AGGRESSIVE;
				GCC_WARN_UNUSED_FUNCTION = YES;
				GCC_WARN_UNUSED_VARIABLE = YES;
				MACOSX_DEPLOYMENT_TARGET = 12.3;
				MTL_ENABLE_DEBUG_INFO = NO;
				MTL_FAST_MATH = YES;
				SDKROOT = macosx;
			};
			name = Release;
		};
		DEFD13ED285581B600762D44 /* Debug */ = {
			isa = XCBuildConfiguration;
			buildSettings = {
				CODE_SIGN_ENTITLEMENTS = Tarsan/Tarsan.entitlements;
				CODE_SIGN_STYLE = Automatic;
				DEVELOPMENT_TEAM = P4L2M42FLR;
				ENABLE_HARDENED_RUNTIME = NO;
				OTHER_CPLUSPLUSFLAGS = (
					"$(OTHER_CFLAGS)",
					"-I/opt/homebrew/opt/ncurses/include",
					"-std=c++17",
					"-g",
					"-Wall",
					"-Wextra",
					"-pedantic",
				);
				OTHER_LDFLAGS = (
					"-L/opt/homebrew/opt/ncurses/lib",
					"-lncursesw",
				);
				PRODUCT_NAME = "$(TARGET_NAME)";
			};
			name = Debug;
		};
		DEFD13EE285581B600762D44 /* Release */ = {
			isa = XCBuildConfiguration;
			buildSettings = {
				CODE_SIGN_ENTITLEMENTS = Tarsan/Tarsan.entitlements;
				CODE_SIGN_STYLE = Automatic;
				DEVELOPMENT_TEAM = P4L2M42FLR;
				ENABLE_HARDENED_RUNTIME = NO;
				OTHER_CPLUSPLUSFLAGS = (
					"$(OTHER_CFLAGS)",
					"-I/opt/homebrew/opt/ncurses/include",
					"-std=c++17",
					"-g",
					"-Wall",
					"-Wextra",
					"-pedantic",
				);
				OTHER_LDFLAGS = (
					"-L/opt/homebrew/opt/ncurses/lib",
					"-lncursesw",
				);
				PRODUCT_NAME = "$(TARGET_NAME)";
			};
			name = Release;
		};
/* End XCBuildConfiguration section */

/* Begin XCConfigurationList section */
		DEFD13E0285581B600762D44 /* Build configuration list for PBXProject "Tarsan" */ = {
			isa = XCConfigurationList;
			buildConfigurations = (
				DEFD13EA285581B600762D44 /* Debug */,
				DEFD13EB285581B600762D44 /* Release */,
			);
			defaultConfigurationIsVisible = 0;
			defaultConfigurationName = Release;
		};
		DEFD13EC285581B600762D44 /* Build configuration list for PBXNativeTarget "Tarsan" */ = {
			isa = XCConfigurationList;
			buildConfigurations = (
				DEFD13ED285581B600762D44 /* Debug */,
				DEFD13EE285581B600762D44 /* Release */,
			);
			defaultConfigurationIsVisible = 0;
			defaultConfigurationName = Release;
		};
/* End XCConfigurationList section */
	};
	rootObject = DEFD13DD285581B600762D44 /* Project object */;
}
